{
  "lockfile-version": 1,
  "manifest": {
    "version": 1,
    "install": {
      "postgresql_15": {
        "pkg-path": "postgresql_15"
      },
      "ruby_3_3": {
        "pkg-path": "ruby_3_3"
      }
    },
    "vars": {},
    "hook": {},
    "profile": {},
    "options": {
      "systems": [
        "aarch64-darwin",
        "aarch64-linux",
        "x86_64-darwin",
        "x86_64-linux"
      ],
      "allow": {
        "licenses": []
      },
      "semver": {}
    }
  },
  "packages": [
    {
      "attr_path": "postgresql_15",
      "broken": false,
      "derivation": "/nix/store/mw0fn615kfkgmfdisy90lvmmznn5z2qz-postgresql-15.8.drv",
      "description": "Powerful, open source object-relational database system",
      "install_id": "postgresql_15",
      "license": "PostgreSQL",
      "locked_url": "https://github.com/flox/nixpkgs?rev=c374d94f1536013ca8e92341b540eba4c22f9c62",
      "name": "postgresql-15.8",
      "pname": "postgresql_15",
      "rev": "c374d94f1536013ca8e92341b540eba4c22f9c62",
      "rev_count": 669741,
      "rev_date": "2024-08-21T07:22:56Z",
      "scrape_date": "2024-08-23T05:11:04Z",
      "stabilities": [
        "staging",
        "unstable"
      ],
      "unfree": false,
      "version": "postgresql-15.8",
      "outputs_to_install": [
        "out",
        "man"
      ],
      "outputs": {
        "doc": "/nix/store/vvi7psk94l2x1jw6n7an5wcxg7i2vsvz-postgresql-15.8-doc",
        "lib": "/nix/store/lw2cy5dfyxkbsk3xkjczm2z129v19frz-postgresql-15.8-lib",
        "man": "/nix/store/mf09qa2mvxhdsnh176jasi73pk8m9szp-postgresql-15.8-man",
        "out": "/nix/store/14la5hpplbbkfg3mfxp1dc7gd7j75klc-postgresql-15.8"
      },
      "system": "aarch64-darwin",
      "group": "toplevel",
      "priority": 5
    },
    {
      "attr_path": "postgresql_15",
      "broken": false,
      "derivation": "/nix/store/3dm2a4h1m4kp66ypg16w9wpmjir66lg2-postgresql-15.8.drv",
      "description": "Powerful, open source object-relational database system",
      "install_id": "postgresql_15",
      "license": "PostgreSQL",
      "locked_url": "https://github.com/flox/nixpkgs?rev=c374d94f1536013ca8e92341b540eba4c22f9c62",
      "name": "postgresql-15.8",
      "pname": "postgresql_15",
      "rev": "c374d94f1536013ca8e92341b540eba4c22f9c62",
      "rev_count": 669741,
      "rev_date": "2024-08-21T07:22:56Z",
      "scrape_date": "2024-08-23T05:11:04Z",
      "stabilities": [
        "staging",
        "unstable"
      ],
      "unfree": false,
      "version": "postgresql-15.8",
      "outputs_to_install": [
        "out",
        "man"
      ],
      "outputs": {
        "debug": "/nix/store/4p8vc4fv0wr1k1j0w4z41s9jq4i09lax-postgresql-15.8-debug",
        "doc": "/nix/store/i2vb5id8wzwrg4klpapxkgndf4zxzcc0-postgresql-15.8-doc",
        "lib": "/nix/store/75r834fpaz0kadhhv4h0aza7pfis1w43-postgresql-15.8-lib",
        "man": "/nix/store/nlsy2g4z8i4546a82hyjv910hc8kjrz0-postgresql-15.8-man",
        "out": "/nix/store/c7605ih5hpa6nfpm4ybgsqbv0vv4jsf1-postgresql-15.8"
      },
      "system": "aarch64-linux",
      "group": "toplevel",
      "priority": 5
    },
    {
      "attr_path": "postgresql_15",
      "broken": false,
      "derivation": "/nix/store/vimy56mm35brhy502bhlwn5y9alm2z21-postgresql-15.8.drv",
      "description": "Powerful, open source object-relational database system",
      "install_id": "postgresql_15",
      "license": "PostgreSQL",
      "locked_url": "https://github.com/flox/nixpkgs?rev=c374d94f1536013ca8e92341b540eba4c22f9c62",
      "name": "postgresql-15.8",
      "pname": "postgresql_15",
      "rev": "c374d94f1536013ca8e92341b540eba4c22f9c62",
      "rev_count": 669741,
      "rev_date": "2024-08-21T07:22:56Z",
      "scrape_date": "2024-08-23T05:11:04Z",
      "stabilities": [
        "staging",
        "unstable"
      ],
      "unfree": false,
      "version": "postgresql-15.8",
      "outputs_to_install": [
        "out",
        "man"
      ],
      "outputs": {
        "doc": "/nix/store/33fwhckyy01b7sg33gb673lg6zah3ngb-postgresql-15.8-doc",
        "lib": "/nix/store/7k8yyjqvxvd8v3vlki5hdhaj09pjwm4c-postgresql-15.8-lib",
        "man": "/nix/store/765570hzlvc2x4yn0w0v80z4ldibw4j8-postgresql-15.8-man",
        "out": "/nix/store/a3gjiay19805a2j4kc36qfmaywq50g1q-postgresql-15.8"
      },
      "system": "x86_64-darwin",
      "group": "toplevel",
      "priority": 5
    },
    {
      "attr_path": "postgresql_15",
      "broken": false,
      "derivation": "/nix/store/jizk6zmsdm1pdmcvyq79nfc5ykvyzhgp-postgresql-15.8.drv",
      "description": "Powerful, open source object-relational database system",
      "install_id": "postgresql_15",
      "license": "PostgreSQL",
      "locked_url": "https://github.com/flox/nixpkgs?rev=c374d94f1536013ca8e92341b540eba4c22f9c62",
      "name": "postgresql-15.8",
      "pname": "postgresql_15",
      "rev": "c374d94f1536013ca8e92341b540eba4c22f9c62",
      "rev_count": 669741,
      "rev_date": "2024-08-21T07:22:56Z",
      "scrape_date": "2024-08-23T05:11:04Z",
      "stabilities": [
        "staging",
        "unstable"
      ],
      "unfree": false,
      "version": "postgresql-15.8",
      "outputs_to_install": [
        "out",
        "man"
      ],
      "outputs": {
        "debug": "/nix/store/8v0a5b4bf69nc6znzpvd15bj0rr371mx-postgresql-15.8-debug",
        "doc": "/nix/store/2l0q8xcxjnni3cjrdnrilpy27yw517df-postgresql-15.8-doc",
        "lib": "/nix/store/a48yrpw9d2wnk3sgcdbh0yf8nm9xxk7a-postgresql-15.8-lib",
        "man": "/nix/store/0fbw292ip2ypka8f2syxv4288ph94svn-postgresql-15.8-man",
        "out": "/nix/store/ga2n56mylbbjc4rd4lzkrd7w9dr12lc6-postgresql-15.8"
      },
      "system": "x86_64-linux",
      "group": "toplevel",
      "priority": 5
    },
    {
      "attr_path": "ruby_3_3",
      "broken": false,
      "derivation": "/nix/store/4cbi6413q5dm6y7cz34hwcaxzpr2ia7p-ruby-3.3.4.drv",
      "description": "Object-oriented language for quick and easy programming",
      "install_id": "ruby_3_3",
      "license": "Ruby",
      "locked_url": "https://github.com/flox/nixpkgs?rev=c374d94f1536013ca8e92341b540eba4c22f9c62",
      "name": "ruby-3.3.4",
      "pname": "ruby_3_3",
      "rev": "c374d94f1536013ca8e92341b540eba4c22f9c62",
      "rev_count": 669741,
      "rev_date": "2024-08-21T07:22:56Z",
      "scrape_date": "2024-08-23T05:11:04Z",
      "stabilities": [
        "staging",
        "unstable"
      ],
      "unfree": false,
      "version": "ruby-3.3.4",
      "outputs_to_install": [
        "out"
      ],
      "outputs": {
        "devdoc": "/nix/store/rw78r69d76fpjabhv0yqvq065i7hk7x8-ruby-3.3.4-devdoc",
        "out": "/nix/store/9bxxr0h0fvgv6sf3w7qrbirv66psmrp0-ruby-3.3.4"
      },
      "system": "aarch64-darwin",
      "group": "toplevel",
      "priority": 5
    },
    {
      "attr_path": "ruby_3_3",
      "broken": false,
      "derivation": "/nix/store/f9clrvfx04j97qyv0glv5l5dd8mdzslv-ruby-3.3.4.drv",
      "description": "Object-oriented language for quick and easy programming",
      "install_id": "ruby_3_3",
      "license": "Ruby",
      "locked_url": "https://github.com/flox/nixpkgs?rev=c374d94f1536013ca8e92341b540eba4c22f9c62",
      "name": "ruby-3.3.4",
      "pname": "ruby_3_3",
      "rev": "c374d94f1536013ca8e92341b540eba4c22f9c62",
      "rev_count": 669741,
      "rev_date": "2024-08-21T07:22:56Z",
      "scrape_date": "2024-08-23T05:11:04Z",
      "stabilities": [
        "staging",
        "unstable"
      ],
      "unfree": false,
      "version": "ruby-3.3.4",
      "outputs_to_install": [
        "out"
      ],
      "outputs": {
        "devdoc": "/nix/store/whgzvyjfnaaxjlbhjaa02rm55794ilq7-ruby-3.3.4-devdoc",
        "out": "/nix/store/pznpsnxp0z3rymdz9sp7fgf330apsp4h-ruby-3.3.4"
      },
      "system": "aarch64-linux",
      "group": "toplevel",
      "priority": 5
    },
    {
      "attr_path": "ruby_3_3",
      "broken": false,
      "derivation": "/nix/store/az8lli5z2l4c0q4ljbv73dfwi1nyhgv1-ruby-3.3.4.drv",
      "description": "Object-oriented language for quick and easy programming",
      "install_id": "ruby_3_3",
      "license": "Ruby",
      "locked_url": "https://github.com/flox/nixpkgs?rev=c374d94f1536013ca8e92341b540eba4c22f9c62",
      "name": "ruby-3.3.4",
      "pname": "ruby_3_3",
      "rev": "c374d94f1536013ca8e92341b540eba4c22f9c62",
      "rev_count": 669741,
      "rev_date": "2024-08-21T07:22:56Z",
      "scrape_date": "2024-08-23T05:11:04Z",
      "stabilities": [
        "staging",
        "unstable"
      ],
      "unfree": false,
      "version": "ruby-3.3.4",
      "outputs_to_install": [
        "out"
      ],
      "outputs": {
        "devdoc": "/nix/store/d1fywywndcqxiih82ysv3pm3mmd9n9fa-ruby-3.3.4-devdoc",
        "out": "/nix/store/xd977g6j6gbr3pwlix9030v3s48z22cv-ruby-3.3.4"
      },
      "system": "x86_64-darwin",
      "group": "toplevel",
      "priority": 5
    },
    {
      "attr_path": "ruby_3_3",
      "broken": false,
      "derivation": "/nix/store/jilmzg5fdcg68d9r0fnd43w11bvgvd11-ruby-3.3.4.drv",
      "description": "Object-oriented language for quick and easy programming",
      "install_id": "ruby_3_3",
      "license": "Ruby",
      "locked_url": "https://github.com/flox/nixpkgs?rev=c374d94f1536013ca8e92341b540eba4c22f9c62",
      "name": "ruby-3.3.4",
      "pname": "ruby_3_3",
      "rev": "c374d94f1536013ca8e92341b540eba4c22f9c62",
      "rev_count": 669741,
      "rev_date": "2024-08-21T07:22:56Z",
      "scrape_date": "2024-08-23T05:11:04Z",
      "stabilities": [
        "staging",
        "unstable"
      ],
      "unfree": false,
      "version": "ruby-3.3.4",
      "outputs_to_install": [
        "out"
      ],
      "outputs": {
        "devdoc": "/nix/store/kg19xgwfiz7yg329jsy85hs3mhmlii3b-ruby-3.3.4-devdoc",
        "out": "/nix/store/bx1vnac35l0vd39390v5ddz73mjf20r7-ruby-3.3.4"
      },
      "system": "x86_64-linux",
      "group": "toplevel",
      "priority": 5
    }
  ]
}